
Microsoft Visual Studio Solution File, Format Version 12.00
# Visual Studio 15
VisualStudioVersion = 15.0.27428.2002
MinimumVisualStudioVersion = 10.0.40219.1
Project("{FAE04EC0-301F-11D3-BF4B-00C04F79EFBC}") = "IngegneriaDelSoftware", "IngegneriaDelSoftware\IngegneriaDelSoftware.csproj", "{FC651F63-F86F-4A62-B385-972C291FDC2D}"
EndProject
Project("{FAE04EC0-301F-11D3-BF4B-00C04F79EFBC}") = "MaterialSkin", "..\MaterialSkin\MaterialSkin\MaterialSkin.csproj", "{8EB7611B-68CD-4B8B-987A-11717E2B250C}"
EndProject
Global
	GlobalSection(SolutionConfigurationPlatforms) = preSolution
		Debug|Any CPU = Debug|Any CPU
		Release|Any CPU = Release|Any CPU
	EndGlobalSection
	GlobalSection(ProjectConfigurationPlatforms) = postSolution
		{FC651F63-F86F-4A62-B385-972C291FDC2D}.Debug|Any CPU.ActiveCfg = Debug|Any CPU
		{FC651F63-F86F-4A62-B385-972C291FDC2D}.Debug|Any CPU.Build.0 = Debug|Any CPU
		{FC651F63-F86F-4A62-B385-972C291FDC2D}.Release|Any CPU.ActiveCfg = Release|Any CPU
		{FC651F63-F86F-4A62-B385-972C291FDC2D}.Release|Any CPU.Build.0 = Release|Any CPU
		{8EB7611B-68CD-4B8B-987A-11717E2B250C}.Debug|Any CPU.ActiveCfg = Debug|Any CPU
		{8EB7611B-68CD-4B8B-987A-11717E2B250C}.Debug|Any CPU.Build.0 = Debug|Any CPU
		{8EB7611B-68CD-4B8B-987A-11717E2B250C}.Release|Any CPU.ActiveCfg = Release|Any CPU
		{8EB7611B-68CD-4B8B-987A-11717E2B250C}.Release|Any CPU.Build.0 = Release|Any CPU
	EndGlobalSection
	GlobalSection(SolutionProperties) = preSolution
		HideSolutionNode = FALSE
	EndGlobalSection
	GlobalSection(ExtensibilityGlobals) = postSolution
		SolutionGuid = {62BBE560-E13A-44BE-AEAF-189C71896D64}
	EndGlobalSection
EndGlobal
